
Microsoft Visual Studio Solution File, Format Version 12.00
# Visual Studio Version 17
VisualStudioVersion = 17.1.32228.430
MinimumVisualStudioVersion = 10.0.40219.1
Project("{FAE04EC0-301F-11D3-BF4B-00C04F79EFBC}") = "StackCalculatorLogic", "StackCalculatorLogic\StackCalculatorLogic.csproj", "{9EC74417-189B-4B52-9783-8B69F69BCD1C}"
EndProject
Project("{FAE04EC0-301F-11D3-BF4B-00C04F79EFBC}") = "StackCalculatorLogic.Tests", "StackCalculatorLogic.Tests\StackCalculatorLogic.Tests.csproj", "{D7DF866C-F9EC-4D54-8D6C-F41D1AB3F783}"
EndProject
Global
	GlobalSection(SolutionConfigurationPlatforms) = preSolution
		Debug|Any CPU = Debug|Any CPU
		Release|Any CPU = Release|Any CPU
	EndGlobalSection
	GlobalSection(ProjectConfigurationPlatforms) = postSolution
		{9EC74417-189B-4B52-9783-8B69F69BCD1C}.Debug|Any CPU.ActiveCfg = Debug|Any CPU
		{9EC74417-189B-4B52-9783-8B69F69BCD1C}.Debug|Any CPU.Build.0 = Debug|Any CPU
		{9EC74417-189B-4B52-9783-8B69F69BCD1C}.Release|Any CPU.ActiveCfg = Release|Any CPU
		{9EC74417-189B-4B52-9783-8B69F69BCD1C}.Release|Any CPU.Build.0 = Release|Any CPU
		{D7DF866C-F9EC-4D54-8D6C-F41D1AB3F783}.Debug|Any CPU.ActiveCfg = Debug|Any CPU
		{D7DF866C-F9EC-4D54-8D6C-F41D1AB3F783}.Debug|Any CPU.Build.0 = Debug|Any CPU
		{D7DF866C-F9EC-4D54-8D6C-F41D1AB3F783}.Release|Any CPU.ActiveCfg = Release|Any CPU
		{D7DF866C-F9EC-4D54-8D6C-F41D1AB3F783}.Release|Any CPU.Build.0 = Release|Any CPU
	EndGlobalSection
	GlobalSection(SolutionProperties) = preSolution
		HideSolutionNode = FALSE
	EndGlobalSection
	GlobalSection(ExtensibilityGlobals) = postSolution
		SolutionGuid = {A21C045B-FA11-434C-9FC3-B065B62EFE84}
	EndGlobalSection
EndGlobal
